
Microsoft Visual Studio Solution File, Format Version 12.00
Project("{FAE04EC0-301F-11D3-BF4B-00C04F79EFBC}") = "SystemOfSymbolicMathematics", "SystemOfSymbolicMathematics\SystemOfSymbolicMathematics.csproj", "{099739A9-0CFC-480B-AFCF-301A97DC54EE}"
EndProject
Global
	GlobalSection(SolutionConfigurationPlatforms) = preSolution
		Debug|Any CPU = Debug|Any CPU
		Release|Any CPU = Release|Any CPU
	EndGlobalSection
	GlobalSection(ProjectConfigurationPlatforms) = postSolution
		{099739A9-0CFC-480B-AFCF-301A97DC54EE}.Debug|Any CPU.ActiveCfg = Debug|Any CPU
		{099739A9-0CFC-480B-AFCF-301A97DC54EE}.Debug|Any CPU.Build.0 = Debug|Any CPU
		{099739A9-0CFC-480B-AFCF-301A97DC54EE}.Release|Any CPU.ActiveCfg = Release|Any CPU
		{099739A9-0CFC-480B-AFCF-301A97DC54EE}.Release|Any CPU.Build.0 = Release|Any CPU
	EndGlobalSection
EndGlobal
