
Microsoft Visual Studio Solution File, Format Version 12.00
Project("{FAE04EC0-301F-11D3-BF4B-00C04F79EFBC}") = "SymbolicMath", "SymbolicMath\SymbolicMath.csproj", "{101F2A08-F2E9-4F3A-8208-E3E15604D795}"
EndProject
Global
	GlobalSection(SolutionConfigurationPlatforms) = preSolution
		Debug|Any CPU = Debug|Any CPU
		Release|Any CPU = Release|Any CPU
	EndGlobalSection
	GlobalSection(ProjectConfigurationPlatforms) = postSolution
		{101F2A08-F2E9-4F3A-8208-E3E15604D795}.Debug|Any CPU.ActiveCfg = Debug|Any CPU
		{101F2A08-F2E9-4F3A-8208-E3E15604D795}.Debug|Any CPU.Build.0 = Debug|Any CPU
		{101F2A08-F2E9-4F3A-8208-E3E15604D795}.Release|Any CPU.ActiveCfg = Release|Any CPU
		{101F2A08-F2E9-4F3A-8208-E3E15604D795}.Release|Any CPU.Build.0 = Release|Any CPU
	EndGlobalSection
EndGlobal
